
Microsoft Visual Studio Solution File, Format Version 12.00
# Visual Studio Version 17
VisualStudioVersion = 17.13.35913.81 d17.13
MinimumVisualStudioVersion = 10.0.40219.1
Project("{FAE04EC0-301F-11D3-BF4B-00C04F79EFBC}") = "purikura_app", "purikura_app.csproj", "{00FA1CB6-25B8-4FA8-A825-47E21BCEE95F}"
EndProject
Global
	GlobalSection(SolutionConfigurationPlatforms) = preSolution
		Debug|Any CPU = Debug|Any CPU
		Release|Any CPU = Release|Any CPU
	EndGlobalSection
	GlobalSection(ProjectConfigurationPlatforms) = postSolution
		{00FA1CB6-25B8-4FA8-A825-47E21BCEE95F}.Debug|Any CPU.ActiveCfg = Debug|Any CPU
		{00FA1CB6-25B8-4FA8-A825-47E21BCEE95F}.Debug|Any CPU.Build.0 = Debug|Any CPU
		{00FA1CB6-25B8-4FA8-A825-47E21BCEE95F}.Release|Any CPU.ActiveCfg = Release|Any CPU
		{00FA1CB6-25B8-4FA8-A825-47E21BCEE95F}.Release|Any CPU.Build.0 = Release|Any CPU
	EndGlobalSection
	GlobalSection(SolutionProperties) = preSolution
		HideSolutionNode = FALSE
	EndGlobalSection
	GlobalSection(ExtensibilityGlobals) = postSolution
		SolutionGuid = {924B5B71-5ADF-4836-B62E-FE19348F7737}
	EndGlobalSection
EndGlobal
